
Microsoft Visual Studio Solution File, Format Version 12.00
# Visual Studio Version 17
VisualStudioVersion = 17.10.35013.160
MinimumVisualStudioVersion = 10.0.40219.1
Project("{9A19103F-16F7-4668-BE54-9A1E7A4F7556}") = "WeatherApp", "WeatherApp.csproj", "{B3F185D9-7A5E-49F3-BD22-FA1B57122531}"
EndProject
Global
	GlobalSection(SolutionConfigurationPlatforms) = preSolution
		Debug|Any CPU = Debug|Any CPU
		Release|Any CPU = Release|Any CPU
	EndGlobalSection
	GlobalSection(ProjectConfigurationPlatforms) = postSolution
		{B3F185D9-7A5E-49F3-BD22-FA1B57122531}.Debug|Any CPU.ActiveCfg = Debug|Any CPU
		{B3F185D9-7A5E-49F3-BD22-FA1B57122531}.Debug|Any CPU.Build.0 = Debug|Any CPU
		{B3F185D9-7A5E-49F3-BD22-FA1B57122531}.Release|Any CPU.ActiveCfg = Release|Any CPU
		{B3F185D9-7A5E-49F3-BD22-FA1B57122531}.Release|Any CPU.Build.0 = Release|Any CPU
	EndGlobalSection
	GlobalSection(SolutionProperties) = preSolution
		HideSolutionNode = FALSE
	EndGlobalSection
	GlobalSection(ExtensibilityGlobals) = postSolution
		SolutionGuid = {DF488549-7288-46AA-BBA2-15BAF101F209}
	EndGlobalSection
EndGlobal
